
Microsoft Visual Studio Solution File, Format Version 12.00
Project("{FAE04EC0-301F-11D3-BF4B-00C04F79EFBC}") = "MahjongPoints.Tests", "MahjongPoints.Tests\MahjongPoints.Tests.csproj", "{38392719-C530-467E-8B0C-838B52CC130C}"
EndProject
Project("{2150E333-8FDC-42A3-9474-1A3956D46DE8}") = "Desktop", "Desktop", "{7A1224A0-F22D-34FF-DE0A-A058FAFFD90C}"
EndProject
Project("{FAE04EC0-301F-11D3-BF4B-00C04F79EFBC}") = "MahjongPoints", "Desktop\MahjongPoints.csproj", "{FFF531A4-10B9-479C-8FD0-B6B448745082}"
EndProject
Project("{2150E333-8FDC-42A3-9474-1A3956D46DE8}") = "Android", "Android", "{BF99073B-E2A2-3B6C-DD7F-8271E9BF10B9}"
EndProject
Project("{FAE04EC0-301F-11D3-BF4B-00C04F79EFBC}") = "MahjongPoints.Android", "Android\MahjongPoints.Android.csproj", "{663F3912-A255-4A50-8F89-F0C114C9658D}"
EndProject
Global
	GlobalSection(SolutionConfigurationPlatforms) = preSolution
		Debug|Any CPU = Debug|Any CPU
		Debug|x64 = Debug|x64
		Debug|x86 = Debug|x86
		Release|Any CPU = Release|Any CPU
		Release|x64 = Release|x64
		Release|x86 = Release|x86
	EndGlobalSection
	GlobalSection(ProjectConfigurationPlatforms) = postSolution
		{38392719-C530-467E-8B0C-838B52CC130C}.Debug|Any CPU.ActiveCfg = Debug|Any CPU
		{38392719-C530-467E-8B0C-838B52CC130C}.Debug|Any CPU.Build.0 = Debug|Any CPU
		{38392719-C530-467E-8B0C-838B52CC130C}.Debug|x64.ActiveCfg = Debug|Any CPU
		{38392719-C530-467E-8B0C-838B52CC130C}.Debug|x64.Build.0 = Debug|Any CPU
		{38392719-C530-467E-8B0C-838B52CC130C}.Debug|x86.ActiveCfg = Debug|Any CPU
		{38392719-C530-467E-8B0C-838B52CC130C}.Debug|x86.Build.0 = Debug|Any CPU
		{38392719-C530-467E-8B0C-838B52CC130C}.Release|Any CPU.ActiveCfg = Release|Any CPU
		{38392719-C530-467E-8B0C-838B52CC130C}.Release|Any CPU.Build.0 = Release|Any CPU
		{38392719-C530-467E-8B0C-838B52CC130C}.Release|x64.ActiveCfg = Release|Any CPU
		{38392719-C530-467E-8B0C-838B52CC130C}.Release|x64.Build.0 = Release|Any CPU
		{38392719-C530-467E-8B0C-838B52CC130C}.Release|x86.ActiveCfg = Release|Any CPU
		{38392719-C530-467E-8B0C-838B52CC130C}.Release|x86.Build.0 = Release|Any CPU
		{FFF531A4-10B9-479C-8FD0-B6B448745082}.Debug|Any CPU.ActiveCfg = Debug|Any CPU
		{FFF531A4-10B9-479C-8FD0-B6B448745082}.Debug|Any CPU.Build.0 = Debug|Any CPU
		{FFF531A4-10B9-479C-8FD0-B6B448745082}.Debug|x64.ActiveCfg = Debug|Any CPU
		{FFF531A4-10B9-479C-8FD0-B6B448745082}.Debug|x64.Build.0 = Debug|Any CPU
		{FFF531A4-10B9-479C-8FD0-B6B448745082}.Debug|x86.ActiveCfg = Debug|Any CPU
		{FFF531A4-10B9-479C-8FD0-B6B448745082}.Debug|x86.Build.0 = Debug|Any CPU
		{FFF531A4-10B9-479C-8FD0-B6B448745082}.Release|Any CPU.ActiveCfg = Release|Any CPU
		{FFF531A4-10B9-479C-8FD0-B6B448745082}.Release|Any CPU.Build.0 = Release|Any CPU
		{FFF531A4-10B9-479C-8FD0-B6B448745082}.Release|x64.ActiveCfg = Release|Any CPU
		{FFF531A4-10B9-479C-8FD0-B6B448745082}.Release|x64.Build.0 = Release|Any CPU
		{FFF531A4-10B9-479C-8FD0-B6B448745082}.Release|x86.ActiveCfg = Release|Any CPU
		{FFF531A4-10B9-479C-8FD0-B6B448745082}.Release|x86.Build.0 = Release|Any CPU
		{663F3912-A255-4A50-8F89-F0C114C9658D}.Debug|Any CPU.ActiveCfg = Debug|Any CPU
		{663F3912-A255-4A50-8F89-F0C114C9658D}.Debug|Any CPU.Build.0 = Debug|Any CPU
		{663F3912-A255-4A50-8F89-F0C114C9658D}.Debug|x64.ActiveCfg = Debug|Any CPU
		{663F3912-A255-4A50-8F89-F0C114C9658D}.Debug|x64.Build.0 = Debug|Any CPU
		{663F3912-A255-4A50-8F89-F0C114C9658D}.Debug|x86.ActiveCfg = Debug|Any CPU
		{663F3912-A255-4A50-8F89-F0C114C9658D}.Debug|x86.Build.0 = Debug|Any CPU
		{663F3912-A255-4A50-8F89-F0C114C9658D}.Release|Any CPU.ActiveCfg = Release|Any CPU
		{663F3912-A255-4A50-8F89-F0C114C9658D}.Release|Any CPU.Build.0 = Release|Any CPU
		{663F3912-A255-4A50-8F89-F0C114C9658D}.Release|x64.ActiveCfg = Release|Any CPU
		{663F3912-A255-4A50-8F89-F0C114C9658D}.Release|x64.Build.0 = Release|Any CPU
		{663F3912-A255-4A50-8F89-F0C114C9658D}.Release|x86.ActiveCfg = Release|Any CPU
		{663F3912-A255-4A50-8F89-F0C114C9658D}.Release|x86.Build.0 = Release|Any CPU
	EndGlobalSection
	GlobalSection(SolutionProperties) = preSolution
		HideSolutionNode = FALSE
	EndGlobalSection
	GlobalSection(NestedProjects) = preSolution
		{FFF531A4-10B9-479C-8FD0-B6B448745082} = {7A1224A0-F22D-34FF-DE0A-A058FAFFD90C}
		{663F3912-A255-4A50-8F89-F0C114C9658D} = {BF99073B-E2A2-3B6C-DD7F-8271E9BF10B9}
	EndGlobalSection
EndGlobal
